
Microsoft Visual Studio Solution File, Format Version 12.00
# Visual Studio Version 17
VisualStudioVersion = 17.9.34622.214
MinimumVisualStudioVersion = 10.0.40219.1
Project("{9A19103F-16F7-4668-BE54-9A1E7A4F7556}") = "TerraDeGoshenAPI", "TerraDeGoshenAPI\TerraDeGoshenAPI.csproj", "{26089663-1EDB-4CCC-9281-1F98C26D004E}"
	ProjectSection(ProjectDependencies) = postProject
		{BEF152D5-38AD-4238-8424-5648BB5EFC12} = {BEF152D5-38AD-4238-8424-5648BB5EFC12}
	EndProjectSection
EndProject
Project("{9A19103F-16F7-4668-BE54-9A1E7A4F7556}") = "TerraDeGoshenAPI.Domain", "TerraDeGoshenAPI.Domain\TerraDeGoshenAPI.Domain.csproj", "{20BCD17B-A9C8-464B-B236-18A53DED0618}"
EndProject
Project("{9A19103F-16F7-4668-BE54-9A1E7A4F7556}") = "TerraDeGoshenAPI.Application", "TerraDeGoshenAPI.Application\TerraDeGoshenAPI.Application.csproj", "{7BB0866C-16A0-46E2-A5F6-726A544C9851}"
EndProject
Project("{9A19103F-16F7-4668-BE54-9A1E7A4F7556}") = "TerraDeGoshenAPI.Infrastructure", "TerraDeGoshenAPI.Infrastructure\TerraDeGoshenAPI.Infrastructure.csproj", "{BEF152D5-38AD-4238-8424-5648BB5EFC12}"
EndProject
Global
	GlobalSection(SolutionConfigurationPlatforms) = preSolution
		Debug|Any CPU = Debug|Any CPU
		Release|Any CPU = Release|Any CPU
	EndGlobalSection
	GlobalSection(ProjectConfigurationPlatforms) = postSolution
		{26089663-1EDB-4CCC-9281-1F98C26D004E}.Debug|Any CPU.ActiveCfg = Debug|Any CPU
		{26089663-1EDB-4CCC-9281-1F98C26D004E}.Debug|Any CPU.Build.0 = Debug|Any CPU
		{26089663-1EDB-4CCC-9281-1F98C26D004E}.Release|Any CPU.ActiveCfg = Release|Any CPU
		{26089663-1EDB-4CCC-9281-1F98C26D004E}.Release|Any CPU.Build.0 = Release|Any CPU
		{20BCD17B-A9C8-464B-B236-18A53DED0618}.Debug|Any CPU.ActiveCfg = Debug|Any CPU
		{20BCD17B-A9C8-464B-B236-18A53DED0618}.Debug|Any CPU.Build.0 = Debug|Any CPU
		{20BCD17B-A9C8-464B-B236-18A53DED0618}.Release|Any CPU.ActiveCfg = Release|Any CPU
		{20BCD17B-A9C8-464B-B236-18A53DED0618}.Release|Any CPU.Build.0 = Release|Any CPU
		{7BB0866C-16A0-46E2-A5F6-726A544C9851}.Debug|Any CPU.ActiveCfg = Debug|Any CPU
		{7BB0866C-16A0-46E2-A5F6-726A544C9851}.Debug|Any CPU.Build.0 = Debug|Any CPU
		{7BB0866C-16A0-46E2-A5F6-726A544C9851}.Release|Any CPU.ActiveCfg = Release|Any CPU
		{7BB0866C-16A0-46E2-A5F6-726A544C9851}.Release|Any CPU.Build.0 = Release|Any CPU
		{BEF152D5-38AD-4238-8424-5648BB5EFC12}.Debug|Any CPU.ActiveCfg = Debug|Any CPU
		{BEF152D5-38AD-4238-8424-5648BB5EFC12}.Debug|Any CPU.Build.0 = Debug|Any CPU
		{BEF152D5-38AD-4238-8424-5648BB5EFC12}.Release|Any CPU.ActiveCfg = Release|Any CPU
		{BEF152D5-38AD-4238-8424-5648BB5EFC12}.Release|Any CPU.Build.0 = Release|Any CPU
	EndGlobalSection
	GlobalSection(SolutionProperties) = preSolution
		HideSolutionNode = FALSE
	EndGlobalSection
	GlobalSection(ExtensibilityGlobals) = postSolution
		SolutionGuid = {BBCBFF48-B570-4295-816A-B8630F2FF5B9}
	EndGlobalSection
EndGlobal
